
Microsoft Visual Studio Solution File, Format Version 12.00
# Visual Studio Version 17
VisualStudioVersion = 17.9.34714.143
MinimumVisualStudioVersion = 10.0.40219.1
Project("{FAE04EC0-301F-11D3-BF4B-00C04F79EFBC}") = "AdoNetCRUDSample", "AdoNetCRUDSample\AdoNetCRUDSample.csproj", "{1A1EEAFA-02AD-4DAC-A502-F88B73E4CE5C}"
EndProject
Global
	GlobalSection(SolutionConfigurationPlatforms) = preSolution
		Debug|Any CPU = Debug|Any CPU
		Release|Any CPU = Release|Any CPU
	EndGlobalSection
	GlobalSection(ProjectConfigurationPlatforms) = postSolution
		{1A1EEAFA-02AD-4DAC-A502-F88B73E4CE5C}.Debug|Any CPU.ActiveCfg = Debug|Any CPU
		{1A1EEAFA-02AD-4DAC-A502-F88B73E4CE5C}.Debug|Any CPU.Build.0 = Debug|Any CPU
		{1A1EEAFA-02AD-4DAC-A502-F88B73E4CE5C}.Release|Any CPU.ActiveCfg = Release|Any CPU
		{1A1EEAFA-02AD-4DAC-A502-F88B73E4CE5C}.Release|Any CPU.Build.0 = Release|Any CPU
	EndGlobalSection
	GlobalSection(SolutionProperties) = preSolution
		HideSolutionNode = FALSE
	EndGlobalSection
	GlobalSection(ExtensibilityGlobals) = postSolution
		SolutionGuid = {75ABC9F4-C7E7-4B22-BC5A-72274A70C7E7}
	EndGlobalSection
EndGlobal
